
Microsoft Visual Studio Solution File, Format Version 12.00
# Visual Studio Version 16
VisualStudioVersion = 16.0.30611.23
MinimumVisualStudioVersion = 10.0.40219.1
Project("{FAE04EC0-301F-11D3-BF4B-00C04F79EFBC}") = "MarsRoverTracking", "MarsRoverTracking\MarsRoverTracking.csproj", "{5D2F8AF2-BF05-4AD8-800A-D0F058B0F19F}"
EndProject
Project("{00D1A9C2-B5F0-4AF3-8072-F6C62B433612}") = "MarsRoverTrackingDatabase", "MarsRoverTrackingDatabase\MarsRoverTrackingDatabase.sqlproj", "{166988C6-11C7-4C16-8C27-C20F7DE164F4}"
EndProject
Project("{FAE04EC0-301F-11D3-BF4B-00C04F79EFBC}") = "MarsRoverTracking.Business", "MarsRoverTracking.Business\MarsRoverTracking.Business.csproj", "{3DB24A29-10C5-471F-8F40-E7ED4E1B42EA}"
EndProject
Project("{FAE04EC0-301F-11D3-BF4B-00C04F79EFBC}") = "MarsRoverTracking.Domain", "MarsRoverTracking.Domain\MarsRoverTracking.Domain.csproj", "{3CE9795A-3159-462F-A719-A02ACC56DAD5}"
EndProject
Project("{FAE04EC0-301F-11D3-BF4B-00C04F79EFBC}") = "MarsRoverTracking.Repository", "MarsRoverTracking.Repository\MarsRoverTracking.Repository.csproj", "{2AE08B9E-8E26-4914-8C5E-35C90CC4AE49}"
EndProject
Global
	GlobalSection(SolutionConfigurationPlatforms) = preSolution
		Debug|Any CPU = Debug|Any CPU
		Release|Any CPU = Release|Any CPU
	EndGlobalSection
	GlobalSection(ProjectConfigurationPlatforms) = postSolution
		{5D2F8AF2-BF05-4AD8-800A-D0F058B0F19F}.Debug|Any CPU.ActiveCfg = Debug|Any CPU
		{5D2F8AF2-BF05-4AD8-800A-D0F058B0F19F}.Debug|Any CPU.Build.0 = Debug|Any CPU
		{5D2F8AF2-BF05-4AD8-800A-D0F058B0F19F}.Release|Any CPU.ActiveCfg = Release|Any CPU
		{5D2F8AF2-BF05-4AD8-800A-D0F058B0F19F}.Release|Any CPU.Build.0 = Release|Any CPU
		{166988C6-11C7-4C16-8C27-C20F7DE164F4}.Debug|Any CPU.ActiveCfg = Debug|Any CPU
		{166988C6-11C7-4C16-8C27-C20F7DE164F4}.Debug|Any CPU.Build.0 = Debug|Any CPU
		{166988C6-11C7-4C16-8C27-C20F7DE164F4}.Debug|Any CPU.Deploy.0 = Debug|Any CPU
		{166988C6-11C7-4C16-8C27-C20F7DE164F4}.Release|Any CPU.ActiveCfg = Release|Any CPU
		{166988C6-11C7-4C16-8C27-C20F7DE164F4}.Release|Any CPU.Build.0 = Release|Any CPU
		{166988C6-11C7-4C16-8C27-C20F7DE164F4}.Release|Any CPU.Deploy.0 = Release|Any CPU
		{3DB24A29-10C5-471F-8F40-E7ED4E1B42EA}.Debug|Any CPU.ActiveCfg = Debug|Any CPU
		{3DB24A29-10C5-471F-8F40-E7ED4E1B42EA}.Debug|Any CPU.Build.0 = Debug|Any CPU
		{3DB24A29-10C5-471F-8F40-E7ED4E1B42EA}.Release|Any CPU.ActiveCfg = Release|Any CPU
		{3DB24A29-10C5-471F-8F40-E7ED4E1B42EA}.Release|Any CPU.Build.0 = Release|Any CPU
		{3CE9795A-3159-462F-A719-A02ACC56DAD5}.Debug|Any CPU.ActiveCfg = Debug|Any CPU
		{3CE9795A-3159-462F-A719-A02ACC56DAD5}.Debug|Any CPU.Build.0 = Debug|Any CPU
		{3CE9795A-3159-462F-A719-A02ACC56DAD5}.Release|Any CPU.ActiveCfg = Release|Any CPU
		{3CE9795A-3159-462F-A719-A02ACC56DAD5}.Release|Any CPU.Build.0 = Release|Any CPU
		{2AE08B9E-8E26-4914-8C5E-35C90CC4AE49}.Debug|Any CPU.ActiveCfg = Debug|Any CPU
		{2AE08B9E-8E26-4914-8C5E-35C90CC4AE49}.Debug|Any CPU.Build.0 = Debug|Any CPU
		{2AE08B9E-8E26-4914-8C5E-35C90CC4AE49}.Release|Any CPU.ActiveCfg = Release|Any CPU
		{2AE08B9E-8E26-4914-8C5E-35C90CC4AE49}.Release|Any CPU.Build.0 = Release|Any CPU
	EndGlobalSection
	GlobalSection(SolutionProperties) = preSolution
		HideSolutionNode = FALSE
	EndGlobalSection
	GlobalSection(ExtensibilityGlobals) = postSolution
		SolutionGuid = {F7C38F17-870D-41E1-BD5A-2F15ABBB4B0D}
	EndGlobalSection
EndGlobal
